
Microsoft Visual Studio Solution File, Format Version 12.00
# Visual Studio Version 16
VisualStudioVersion = 16.0.31112.23
MinimumVisualStudioVersion = 10.0.40219.1
Project("{FAE04EC0-301F-11D3-BF4B-00C04F79EFBC}") = "OcelotUseExamples", "OcelotUseExamples\OcelotUseExamples.csproj", "{D32A9440-E53C-4DC1-A66D-A57AB95A912D}"
EndProject
Project("{FAE04EC0-301F-11D3-BF4B-00C04F79EFBC}") = "ApiExamples", "ApiExamples\ApiExamples.csproj", "{813A1007-D76F-4814-9760-3C45F4E5ABF6}"
EndProject
Global
	GlobalSection(SolutionConfigurationPlatforms) = preSolution
		Debug|Any CPU = Debug|Any CPU
		Release|Any CPU = Release|Any CPU
	EndGlobalSection
	GlobalSection(ProjectConfigurationPlatforms) = postSolution
		{D32A9440-E53C-4DC1-A66D-A57AB95A912D}.Debug|Any CPU.ActiveCfg = Debug|Any CPU
		{D32A9440-E53C-4DC1-A66D-A57AB95A912D}.Debug|Any CPU.Build.0 = Debug|Any CPU
		{D32A9440-E53C-4DC1-A66D-A57AB95A912D}.Release|Any CPU.ActiveCfg = Release|Any CPU
		{D32A9440-E53C-4DC1-A66D-A57AB95A912D}.Release|Any CPU.Build.0 = Release|Any CPU
		{813A1007-D76F-4814-9760-3C45F4E5ABF6}.Debug|Any CPU.ActiveCfg = Debug|Any CPU
		{813A1007-D76F-4814-9760-3C45F4E5ABF6}.Debug|Any CPU.Build.0 = Debug|Any CPU
		{813A1007-D76F-4814-9760-3C45F4E5ABF6}.Release|Any CPU.ActiveCfg = Release|Any CPU
		{813A1007-D76F-4814-9760-3C45F4E5ABF6}.Release|Any CPU.Build.0 = Release|Any CPU
	EndGlobalSection
	GlobalSection(SolutionProperties) = preSolution
		HideSolutionNode = FALSE
	EndGlobalSection
	GlobalSection(ExtensibilityGlobals) = postSolution
		SolutionGuid = {1A1CB59E-89ED-4C81-8E6D-350CF0728D74}
	EndGlobalSection
EndGlobal
